// !$*UTF8*$!
{
	archiveVersion = 1;
	classes = {
	};
	objectVersion = 55;
	objects = {

/* Begin PBXBuildFile section */
		E527B08728FF0CDA00287279 /* AppDelegate.swift in Sources */ = {isa = PBXBuildFile; fileRef = E527B08628FF0CDA00287279 /* AppDelegate.swift */; };
		E527B08928FF0CDA00287279 /* SceneDelegate.swift in Sources */ = {isa = PBXBuildFile; fileRef = E527B08828FF0CDA00287279 /* SceneDelegate.swift */; };
		E527B09328FF0CDC00287279 /* Assets.xcassets in Resources */ = {isa = PBXBuildFile; fileRef = E527B09228FF0CDC00287279 /* Assets.xcassets */; };
		E527B09E28FF0DCD00287279 /* MainFlowCoordinator.swift in Sources */ = {isa = PBXBuildFile; fileRef = E527B09D28FF0DCD00287279 /* MainFlowCoordinator.swift */; };
		E527B0A128FF0FD000287279 /* MainScreenAssemble.swift in Sources */ = {isa = PBXBuildFile; fileRef = E527B0A028FF0FD000287279 /* MainScreenAssemble.swift */; };
		E527B0A428FF106D00287279 /* MainScreenViewController.swift in Sources */ = {isa = PBXBuildFile; fileRef = E527B0A328FF106D00287279 /* MainScreenViewController.swift */; };
		E527B0A628FF108C00287279 /* MainScreenInteractor.swift in Sources */ = {isa = PBXBuildFile; fileRef = E527B0A528FF108C00287279 /* MainScreenInteractor.swift */; };
		E527B0A828FF10AD00287279 /* MainScreenPresenter.swift in Sources */ = {isa = PBXBuildFile; fileRef = E527B0A728FF10AD00287279 /* MainScreenPresenter.swift */; };
		E563371428FF17AD001F27E6 /* Company.swift in Sources */ = {isa = PBXBuildFile; fileRef = E563371328FF17AD001F27E6 /* Company.swift */; };
		E563371928FF6595001F27E6 /* MainTableViewCell.swift in Sources */ = {isa = PBXBuildFile; fileRef = E563371828FF6595001F27E6 /* MainTableViewCell.swift */; };
		E56337442901044B001F27E6 /* CompaniesTableViewDataConverter.swift in Sources */ = {isa = PBXBuildFile; fileRef = E56337432901044B001F27E6 /* CompaniesTableViewDataConverter.swift */; };
		E56337652902C6A5001F27E6 /* Pods_AvitoTask.framework in Frameworks */ = {isa = PBXBuildFile; fileRef = 42EE6B5B1F5CED7A8F7B742B /* Pods_AvitoTask.framework */; };
		E5E7F690290B0BF4003F6DE4 /* MainHeaderView.swift in Sources */ = {isa = PBXBuildFile; fileRef = E5E7F68F290B0BF4003F6DE4 /* MainHeaderView.swift */; };
/* End PBXBuildFile section */

/* Begin PBXFileReference section */
		2197CD16539EBEBB8BBE2D83 /* Pods-AvitoTask.debug.xcconfig */ = {isa = PBXFileReference; includeInIndex = 1; lastKnownFileType = text.xcconfig; name = "Pods-AvitoTask.debug.xcconfig"; path = "Target Support Files/Pods-AvitoTask/Pods-AvitoTask.debug.xcconfig"; sourceTree = "<group>"; };
		42EE6B5B1F5CED7A8F7B742B /* Pods_AvitoTask.framework */ = {isa = PBXFileReference; explicitFileType = wrapper.framework; includeInIndex = 0; path = Pods_AvitoTask.framework; sourceTree = BUILT_PRODUCTS_DIR; };
		922E071041C7817351FBE48C /* Pods-AvitoTask.release.xcconfig */ = {isa = PBXFileReference; includeInIndex = 1; lastKnownFileType = text.xcconfig; name = "Pods-AvitoTask.release.xcconfig"; path = "Target Support Files/Pods-AvitoTask/Pods-AvitoTask.release.xcconfig"; sourceTree = "<group>"; };
		E527B08328FF0CDA00287279 /* AvitoTask.app */ = {isa = PBXFileReference; explicitFileType = wrapper.application; includeInIndex = 0; path = AvitoTask.app; sourceTree = BUILT_PRODUCTS_DIR; };
		E527B08628FF0CDA00287279 /* AppDelegate.swift */ = {isa = PBXFileReference; lastKnownFileType = sourcecode.swift; path = AppDelegate.swift; sourceTree = "<group>"; };
		E527B08828FF0CDA00287279 /* SceneDelegate.swift */ = {isa = PBXFileReference; lastKnownFileType = sourcecode.swift; path = SceneDelegate.swift; sourceTree = "<group>"; };
		E527B09228FF0CDC00287279 /* Assets.xcassets */ = {isa = PBXFileReference; lastKnownFileType = folder.assetcatalog; path = Assets.xcassets; sourceTree = "<group>"; };
		E527B09728FF0CDC00287279 /* Info.plist */ = {isa = PBXFileReference; lastKnownFileType = text.plist.xml; path = Info.plist; sourceTree = "<group>"; };
		E527B09D28FF0DCD00287279 /* MainFlowCoordinator.swift */ = {isa = PBXFileReference; lastKnownFileType = sourcecode.swift; path = MainFlowCoordinator.swift; sourceTree = "<group>"; };
		E527B0A028FF0FD000287279 /* MainScreenAssemble.swift */ = {isa = PBXFileReference; lastKnownFileType = sourcecode.swift; path = MainScreenAssemble.swift; sourceTree = "<group>"; };
		E527B0A328FF106D00287279 /* MainScreenViewController.swift */ = {isa = PBXFileReference; lastKnownFileType = sourcecode.swift; path = MainScreenViewController.swift; sourceTree = "<group>"; };
		E527B0A528FF108C00287279 /* MainScreenInteractor.swift */ = {isa = PBXFileReference; lastKnownFileType = sourcecode.swift; path = MainScreenInteractor.swift; sourceTree = "<group>"; };
		E527B0A728FF10AD00287279 /* MainScreenPresenter.swift */ = {isa = PBXFileReference; lastKnownFileType = sourcecode.swift; path = MainScreenPresenter.swift; sourceTree = "<group>"; };
		E563371328FF17AD001F27E6 /* Company.swift */ = {isa = PBXFileReference; lastKnownFileType = sourcecode.swift; path = Company.swift; sourceTree = "<group>"; };
		E563371828FF6595001F27E6 /* MainTableViewCell.swift */ = {isa = PBXFileReference; lastKnownFileType = sourcecode.swift; path = MainTableViewCell.swift; sourceTree = "<group>"; };
		E56337432901044B001F27E6 /* CompaniesTableViewDataConverter.swift */ = {isa = PBXFileReference; lastKnownFileType = sourcecode.swift; path = CompaniesTableViewDataConverter.swift; sourceTree = "<group>"; };
		E5E7F68F290B0BF4003F6DE4 /* MainHeaderView.swift */ = {isa = PBXFileReference; fileEncoding = 4; lastKnownFileType = sourcecode.swift; path = MainHeaderView.swift; sourceTree = "<group>"; };
/* End PBXFileReference section */

/* Begin PBXFrameworksBuildPhase section */
		E527B08028FF0CDA00287279 /* Frameworks */ = {
			isa = PBXFrameworksBuildPhase;
			buildActionMask = 2147483647;
			files = (
				E56337652902C6A5001F27E6 /* Pods_AvitoTask.framework in Frameworks */,
			);
			runOnlyForDeploymentPostprocessing = 0;
		};
/* End PBXFrameworksBuildPhase section */

/* Begin PBXGroup section */
		DF174A9C39D0C7A399C7F232 /* Frameworks */ = {
			isa = PBXGroup;
			children = (
				42EE6B5B1F5CED7A8F7B742B /* Pods_AvitoTask.framework */,
			);
			name = Frameworks;
			sourceTree = "<group>";
		};
		E527B07A28FF0CDA00287279 = {
			isa = PBXGroup;
			children = (
				E527B08528FF0CDA00287279 /* AvitoTask */,
				E527B08428FF0CDA00287279 /* Products */,
				FD7E0A4135E8D3C38EEA9CA6 /* Pods */,
				DF174A9C39D0C7A399C7F232 /* Frameworks */,
			);
			sourceTree = "<group>";
		};
		E527B08428FF0CDA00287279 /* Products */ = {
			isa = PBXGroup;
			children = (
				E527B08328FF0CDA00287279 /* AvitoTask.app */,
			);
			name = Products;
			sourceTree = "<group>";
		};
		E527B08528FF0CDA00287279 /* AvitoTask */ = {
			isa = PBXGroup;
			children = (
				E563371B29009FCD001F27E6 /* Common */,
				E563371A29009F9D001F27E6 /* Entities */,
				E527B09F28FF0F5700287279 /* Resources */,
				E527B09728FF0CDC00287279 /* Info.plist */,
				E527B0A228FF103800287279 /* Presentation */,
			);
			path = AvitoTask;
			sourceTree = "<group>";
		};
		E527B09F28FF0F5700287279 /* Resources */ = {
			isa = PBXGroup;
			children = (
				E527B08628FF0CDA00287279 /* AppDelegate.swift */,
				E527B08828FF0CDA00287279 /* SceneDelegate.swift */,
				E527B09228FF0CDC00287279 /* Assets.xcassets */,
			);
			path = Resources;
			sourceTree = "<group>";
		};
		E527B0A228FF103800287279 /* Presentation */ = {
			isa = PBXGroup;
			children = (
				E527B0A028FF0FD000287279 /* MainScreenAssemble.swift */,
				E563371728FF6563001F27E6 /* Interactor */,
				E563371628FF655D001F27E6 /* Presenter */,
				E563371528FF6558001F27E6 /* View */,
			);
			path = Presentation;
			sourceTree = "<group>";
		};
		E563371528FF6558001F27E6 /* View */ = {
			isa = PBXGroup;
			children = (
				E527B0A328FF106D00287279 /* MainScreenViewController.swift */,
				E563371828FF6595001F27E6 /* MainTableViewCell.swift */,
				E5E7F68F290B0BF4003F6DE4 /* MainHeaderView.swift */,
			);
			path = View;
			sourceTree = "<group>";
		};
		E563371628FF655D001F27E6 /* Presenter */ = {
			isa = PBXGroup;
			children = (
				E527B0A728FF10AD00287279 /* MainScreenPresenter.swift */,
			);
			path = Presenter;
			sourceTree = "<group>";
		};
		E563371728FF6563001F27E6 /* Interactor */ = {
			isa = PBXGroup;
			children = (
				E527B0A528FF108C00287279 /* MainScreenInteractor.swift */,
			);
			path = Interactor;
			sourceTree = "<group>";
		};
		E563371A29009F9D001F27E6 /* Entities */ = {
			isa = PBXGroup;
			children = (
				E563371328FF17AD001F27E6 /* Company.swift */,
			);
			path = Entities;
			sourceTree = "<group>";
		};
		E563371B29009FCD001F27E6 /* Common */ = {
			isa = PBXGroup;
			children = (
				E527B09D28FF0DCD00287279 /* MainFlowCoordinator.swift */,
				E56337432901044B001F27E6 /* CompaniesTableViewDataConverter.swift */,
			);
			path = Common;
			sourceTree = "<group>";
		};
		FD7E0A4135E8D3C38EEA9CA6 /* Pods */ = {
			isa = PBXGroup;
			children = (
				2197CD16539EBEBB8BBE2D83 /* Pods-AvitoTask.debug.xcconfig */,
				922E071041C7817351FBE48C /* Pods-AvitoTask.release.xcconfig */,
			);
			path = Pods;
			sourceTree = "<group>";
		};
/* End PBXGroup section */

/* Begin PBXNativeTarget section */
		E527B08228FF0CDA00287279 /* AvitoTask */ = {
			isa = PBXNativeTarget;
			buildConfigurationList = E527B09A28FF0CDC00287279 /* Build configuration list for PBXNativeTarget "AvitoTask" */;
			buildPhases = (
				A4F146447BEE9A1C00AC81E4 /* [CP] Check Pods Manifest.lock */,
				E527B07F28FF0CDA00287279 /* Sources */,
				E527B08028FF0CDA00287279 /* Frameworks */,
				E527B08128FF0CDA00287279 /* Resources */,
				E398ACC0048CC84FCF8F8B08 /* [CP] Embed Pods Frameworks */,
			);
			buildRules = (
			);
			dependencies = (
			);
			name = AvitoTask;
			productName = AvitoTask;
			productReference = E527B08328FF0CDA00287279 /* AvitoTask.app */;
			productType = "com.apple.product-type.application";
		};
/* End PBXNativeTarget section */

/* Begin PBXProject section */
		E527B07B28FF0CDA00287279 /* Project object */ = {
			isa = PBXProject;
			attributes = {
				BuildIndependentTargetsInParallel = 1;
				LastSwiftUpdateCheck = 1340;
				LastUpgradeCheck = 1340;
				TargetAttributes = {
					E527B08228FF0CDA00287279 = {
						CreatedOnToolsVersion = 13.4.1;
					};
				};
			};
			buildConfigurationList = E527B07E28FF0CDA00287279 /* Build configuration list for PBXProject "AvitoTask" */;
			compatibilityVersion = "Xcode 13.0";
			developmentRegion = en;
			hasScannedForEncodings = 0;
			knownRegions = (
				en,
				Base,
			);
			mainGroup = E527B07A28FF0CDA00287279;
			productRefGroup = E527B08428FF0CDA00287279 /* Products */;
			projectDirPath = "";
			projectRoot = "";
			targets = (
				E527B08228FF0CDA00287279 /* AvitoTask */,
			);
		};
/* End PBXProject section */

/* Begin PBXResourcesBuildPhase section */
		E527B08128FF0CDA00287279 /* Resources */ = {
			isa = PBXResourcesBuildPhase;
			buildActionMask = 2147483647;
			files = (
				E527B09328FF0CDC00287279 /* Assets.xcassets in Resources */,
			);
			runOnlyForDeploymentPostprocessing = 0;
		};
/* End PBXResourcesBuildPhase section */

/* Begin PBXShellScriptBuildPhase section */
		A4F146447BEE9A1C00AC81E4 /* [CP] Check Pods Manifest.lock */ = {
			isa = PBXShellScriptBuildPhase;
			buildActionMask = 2147483647;
			files = (
			);
			inputFileListPaths = (
			);
			inputPaths = (
				"${PODS_PODFILE_DIR_PATH}/Podfile.lock",
				"${PODS_ROOT}/Manifest.lock",
			);
			name = "[CP] Check Pods Manifest.lock";
			outputFileListPaths = (
			);
			outputPaths = (
				"$(DERIVED_FILE_DIR)/Pods-AvitoTask-checkManifestLockResult.txt",
			);
			runOnlyForDeploymentPostprocessing = 0;
			shellPath = /bin/sh;
			shellScript = "diff \"${PODS_PODFILE_DIR_PATH}/Podfile.lock\" \"${PODS_ROOT}/Manifest.lock\" > /dev/null\nif [ $? != 0 ] ; then\n    # print error to STDERR\n    echo \"error: The sandbox is not in sync with the Podfile.lock. Run 'pod install' or update your CocoaPods installation.\" >&2\n    exit 1\nfi\n# This output is used by Xcode 'outputs' to avoid re-running this script phase.\necho \"SUCCESS\" > \"${SCRIPT_OUTPUT_FILE_0}\"\n";
			showEnvVarsInLog = 0;
		};
		E398ACC0048CC84FCF8F8B08 /* [CP] Embed Pods Frameworks */ = {
			isa = PBXShellScriptBuildPhase;
			buildActionMask = 2147483647;
			files = (
			);
			inputFileListPaths = (
				"${PODS_ROOT}/Target Support Files/Pods-AvitoTask/Pods-AvitoTask-frameworks-${CONFIGURATION}-input-files.xcfilelist",
			);
			name = "[CP] Embed Pods Frameworks";
			outputFileListPaths = (
				"${PODS_ROOT}/Target Support Files/Pods-AvitoTask/Pods-AvitoTask-frameworks-${CONFIGURATION}-output-files.xcfilelist",
			);
			runOnlyForDeploymentPostprocessing = 0;
			shellPath = /bin/sh;
			shellScript = "\"${PODS_ROOT}/Target Support Files/Pods-AvitoTask/Pods-AvitoTask-frameworks.sh\"\n";
			showEnvVarsInLog = 0;
		};
/* End PBXShellScriptBuildPhase section */

/* Begin PBXSourcesBuildPhase section */
		E527B07F28FF0CDA00287279 /* Sources */ = {
			isa = PBXSourcesBuildPhase;
			buildActionMask = 2147483647;
			files = (
				E527B0A828FF10AD00287279 /* MainScreenPresenter.swift in Sources */,
				E5E7F690290B0BF4003F6DE4 /* MainHeaderView.swift in Sources */,
				E56337442901044B001F27E6 /* CompaniesTableViewDataConverter.swift in Sources */,
				E563371428FF17AD001F27E6 /* Company.swift in Sources */,
				E527B0A628FF108C00287279 /* MainScreenInteractor.swift in Sources */,
				E563371928FF6595001F27E6 /* MainTableViewCell.swift in Sources */,
				E527B08728FF0CDA00287279 /* AppDelegate.swift in Sources */,
				E527B0A128FF0FD000287279 /* MainScreenAssemble.swift in Sources */,
				E527B09E28FF0DCD00287279 /* MainFlowCoordinator.swift in Sources */,
				E527B08928FF0CDA00287279 /* SceneDelegate.swift in Sources */,
				E527B0A428FF106D00287279 /* MainScreenViewController.swift in Sources */,
			);
			runOnlyForDeploymentPostprocessing = 0;
		};
/* End PBXSourcesBuildPhase section */

/* Begin XCBuildConfiguration section */
		E527B09828FF0CDC00287279 /* Debug */ = {
			isa = XCBuildConfiguration;
			buildSettings = {
				ALWAYS_SEARCH_USER_PATHS = NO;
				CLANG_ANALYZER_NONNULL = YES;
				CLANG_ANALYZER_NUMBER_OBJECT_CONVERSION = YES_AGGRESSIVE;
				CLANG_CXX_LANGUAGE_STANDARD = "gnu++17";
				CLANG_ENABLE_MODULES = YES;
				CLANG_ENABLE_OBJC_ARC = YES;
				CLANG_ENABLE_OBJC_WEAK = YES;
				CLANG_WARN_BLOCK_CAPTURE_AUTORELEASING = YES;
				CLANG_WARN_BOOL_CONVERSION = YES;
				CLANG_WARN_COMMA = YES;
				CLANG_WARN_CONSTANT_CONVERSION = YES;
				CLANG_WARN_DEPRECATED_OBJC_IMPLEMENTATIONS = YES;
				CLANG_WARN_DIRECT_OBJC_ISA_USAGE = YES_ERROR;
				CLANG_WARN_DOCUMENTATION_COMMENTS = YES;
				CLANG_WARN_EMPTY_BODY = YES;
				CLANG_WARN_ENUM_CONVERSION = YES;
				CLANG_WARN_INFINITE_RECURSION = YES;
				CLANG_WARN_INT_CONVERSION = YES;
				CLANG_WARN_NON_LITERAL_NULL_CONVERSION = YES;
				CLANG_WARN_OBJC_IMPLICIT_RETAIN_SELF = YES;
				CLANG_WARN_OBJC_LITERAL_CONVERSION = YES;
				CLANG_WARN_OBJC_ROOT_CLASS = YES_ERROR;
				CLANG_WARN_QUOTED_INCLUDE_IN_FRAMEWORK_HEADER = YES;
				CLANG_WARN_RANGE_LOOP_ANALYSIS = YES;
				CLANG_WARN_STRICT_PROTOTYPES = YES;
				CLANG_WARN_SUSPICIOUS_MOVE = YES;
				CLANG_WARN_UNGUARDED_AVAILABILITY = YES_AGGRESSIVE;
				CLANG_WARN_UNREACHABLE_CODE = YES;
				CLANG_WARN__DUPLICATE_METHOD_MATCH = YES;
				COPY_PHASE_STRIP = NO;
				DEBUG_INFORMATION_FORMAT = dwarf;
				ENABLE_STRICT_OBJC_MSGSEND = YES;
				ENABLE_TESTABILITY = YES;
				GCC_C_LANGUAGE_STANDARD = gnu11;
				GCC_DYNAMIC_NO_PIC = NO;
				GCC_NO_COMMON_BLOCKS = YES;
				GCC_OPTIMIZATION_LEVEL = 0;
				GCC_PREPROCESSOR_DEFINITIONS = (
					"DEBUG=1",
					"$(inherited)",
				);
				GCC_WARN_64_TO_32_BIT_CONVERSION = YES;
				GCC_WARN_ABOUT_RETURN_TYPE = YES_ERROR;
				GCC_WARN_UNDECLARED_SELECTOR = YES;
				GCC_WARN_UNINITIALIZED_AUTOS = YES_AGGRESSIVE;
				GCC_WARN_UNUSED_FUNCTION = YES;
				GCC_WARN_UNUSED_VARIABLE = YES;
				INFOPLIST_FILE = "";
				IPHONEOS_DEPLOYMENT_TARGET = 15.5;
				MTL_ENABLE_DEBUG_INFO = INCLUDE_SOURCE;
				MTL_FAST_MATH = YES;
				ONLY_ACTIVE_ARCH = YES;
				SDKROOT = iphoneos;
				SWIFT_ACTIVE_COMPILATION_CONDITIONS = DEBUG;
				SWIFT_OPTIMIZATION_LEVEL = "-Onone";
			};
			name = Debug;
		};
		E527B09928FF0CDC00287279 /* Release */ = {
			isa = XCBuildConfiguration;
			buildSettings = {
				ALWAYS_SEARCH_USER_PATHS = NO;
				CLANG_ANALYZER_NONNULL = YES;
				CLANG_ANALYZER_NUMBER_OBJECT_CONVERSION = YES_AGGRESSIVE;
				CLANG_CXX_LANGUAGE_STANDARD = "gnu++17";
				CLANG_ENABLE_MODULES = YES;
				CLANG_ENABLE_OBJC_ARC = YES;
				CLANG_ENABLE_OBJC_WEAK = YES;
				CLANG_WARN_BLOCK_CAPTURE_AUTORELEASING = YES;
				CLANG_WARN_BOOL_CONVERSION = YES;
				CLANG_WARN_COMMA = YES;
				CLANG_WARN_CONSTANT_CONVERSION = YES;
				CLANG_WARN_DEPRECATED_OBJC_IMPLEMENTATIONS = YES;
				CLANG_WARN_DIRECT_OBJC_ISA_USAGE = YES_ERROR;
				CLANG_WARN_DOCUMENTATION_COMMENTS = YES;
				CLANG_WARN_EMPTY_BODY = YES;
				CLANG_WARN_ENUM_CONVERSION = YES;
				CLANG_WARN_INFINITE_RECURSION = YES;
				CLANG_WARN_INT_CONVERSION = YES;
				CLANG_WARN_NON_LITERAL_NULL_CONVERSION = YES;
				CLANG_WARN_OBJC_IMPLICIT_RETAIN_SELF = YES;
				CLANG_WARN_OBJC_LITERAL_CONVERSION = YES;
				CLANG_WARN_OBJC_ROOT_CLASS = YES_ERROR;
				CLANG_WARN_QUOTED_INCLUDE_IN_FRAMEWORK_HEADER = YES;
				CLANG_WARN_RANGE_LOOP_ANALYSIS = YES;
				CLANG_WARN_STRICT_PROTOTYPES = YES;
				CLANG_WARN_SUSPICIOUS_MOVE = YES;
				CLANG_WARN_UNGUARDED_AVAILABILITY = YES_AGGRESSIVE;
				CLANG_WARN_UNREACHABLE_CODE = YES;
				CLANG_WARN__DUPLICATE_METHOD_MATCH = YES;
				COPY_PHASE_STRIP = NO;
				DEBUG_INFORMATION_FORMAT = "dwarf-with-dsym";
				ENABLE_NS_ASSERTIONS = NO;
				ENABLE_STRICT_OBJC_MSGSEND = YES;
				GCC_C_LANGUAGE_STANDARD = gnu11;
				GCC_NO_COMMON_BLOCKS = YES;
				GCC_WARN_64_TO_32_BIT_CONVERSION = YES;
				GCC_WARN_ABOUT_RETURN_TYPE = YES_ERROR;
				GCC_WARN_UNDECLARED_SELECTOR = YES;
				GCC_WARN_UNINITIALIZED_AUTOS = YES_AGGRESSIVE;
				GCC_WARN_UNUSED_FUNCTION = YES;
				GCC_WARN_UNUSED_VARIABLE = YES;
				INFOPLIST_FILE = "";
				IPHONEOS_DEPLOYMENT_TARGET = 15.5;
				MTL_ENABLE_DEBUG_INFO = NO;
				MTL_FAST_MATH = YES;
				SDKROOT = iphoneos;
				SWIFT_COMPILATION_MODE = wholemodule;
				SWIFT_OPTIMIZATION_LEVEL = "-O";
				VALIDATE_PRODUCT = YES;
			};
			name = Release;
		};
		E527B09B28FF0CDC00287279 /* Debug */ = {
			isa = XCBuildConfiguration;
			baseConfigurationReference = 2197CD16539EBEBB8BBE2D83 /* Pods-AvitoTask.debug.xcconfig */;
			buildSettings = {
				ASSETCATALOG_COMPILER_APPICON_NAME = AppIcon;
				ASSETCATALOG_COMPILER_GLOBAL_ACCENT_COLOR_NAME = AccentColor;
				CODE_SIGN_STYLE = Automatic;
				CURRENT_PROJECT_VERSION = 1;
				DEVELOPMENT_TEAM = KZW6TP3J72;
				EXCLUDED_ARCHS = "";
				"EXCLUDED_ARCHS[sdk=*]" = arm64;
				GENERATE_INFOPLIST_FILE = YES;
				INFOPLIST_FILE = AvitoTask/Info.plist;
				INFOPLIST_KEY_UIApplicationSupportsIndirectInputEvents = YES;
				INFOPLIST_KEY_UILaunchStoryboardName = LaunchScreen;
				INFOPLIST_KEY_UISupportedInterfaceOrientations_iPad = "UIInterfaceOrientationPortrait UIInterfaceOrientationPortraitUpsideDown UIInterfaceOrientationLandscapeLeft UIInterfaceOrientationLandscapeRight";
				INFOPLIST_KEY_UISupportedInterfaceOrientations_iPhone = "UIInterfaceOrientationPortrait UIInterfaceOrientationLandscapeLeft UIInterfaceOrientationLandscapeRight";
				IPHONEOS_DEPLOYMENT_TARGET = 13.0;
				LD_RUNPATH_SEARCH_PATHS = (
					"$(inherited)",
					"@executable_path/Frameworks",
				);
				MARKETING_VERSION = 1.0;
				PRODUCT_BUNDLE_IDENTIFIER = ru.itis.AvitoTask;
				PRODUCT_NAME = "$(TARGET_NAME)";
				SWIFT_EMIT_LOC_STRINGS = YES;
				SWIFT_VERSION = 5.0;
				TARGETED_DEVICE_FAMILY = "1,2";
			};
			name = Debug;
		};
		E527B09C28FF0CDC00287279 /* Release */ = {
			isa = XCBuildConfiguration;
			baseConfigurationReference = 922E071041C7817351FBE48C /* Pods-AvitoTask.release.xcconfig */;
			buildSettings = {
				ASSETCATALOG_COMPILER_APPICON_NAME = AppIcon;
				ASSETCATALOG_COMPILER_GLOBAL_ACCENT_COLOR_NAME = AccentColor;
				CODE_SIGN_STYLE = Automatic;
				CURRENT_PROJECT_VERSION = 1;
				DEVELOPMENT_TEAM = KZW6TP3J72;
				EXCLUDED_ARCHS = "";
				"EXCLUDED_ARCHS[sdk=*]" = arm64;
				GENERATE_INFOPLIST_FILE = YES;
				INFOPLIST_FILE = AvitoTask/Info.plist;
				INFOPLIST_KEY_UIApplicationSupportsIndirectInputEvents = YES;
				INFOPLIST_KEY_UILaunchStoryboardName = LaunchScreen;
				INFOPLIST_KEY_UISupportedInterfaceOrientations_iPad = "UIInterfaceOrientationPortrait UIInterfaceOrientationPortraitUpsideDown UIInterfaceOrientationLandscapeLeft UIInterfaceOrientationLandscapeRight";
				INFOPLIST_KEY_UISupportedInterfaceOrientations_iPhone = "UIInterfaceOrientationPortrait UIInterfaceOrientationLandscapeLeft UIInterfaceOrientationLandscapeRight";
				IPHONEOS_DEPLOYMENT_TARGET = 13.0;
				LD_RUNPATH_SEARCH_PATHS = (
					"$(inherited)",
					"@executable_path/Frameworks",
				);
				MARKETING_VERSION = 1.0;
				PRODUCT_BUNDLE_IDENTIFIER = ru.itis.AvitoTask;
				PRODUCT_NAME = "$(TARGET_NAME)";
				SWIFT_EMIT_LOC_STRINGS = YES;
				SWIFT_VERSION = 5.0;
				TARGETED_DEVICE_FAMILY = "1,2";
			};
			name = Release;
		};
/* End XCBuildConfiguration section */

/* Begin XCConfigurationList section */
		E527B07E28FF0CDA00287279 /* Build configuration list for PBXProject "AvitoTask" */ = {
			isa = XCConfigurationList;
			buildConfigurations = (
				E527B09828FF0CDC00287279 /* Debug */,
				E527B09928FF0CDC00287279 /* Release */,
			);
			defaultConfigurationIsVisible = 0;
			defaultConfigurationName = Release;
		};
		E527B09A28FF0CDC00287279 /* Build configuration list for PBXNativeTarget "AvitoTask" */ = {
			isa = XCConfigurationList;
			buildConfigurations = (
				E527B09B28FF0CDC00287279 /* Debug */,
				E527B09C28FF0CDC00287279 /* Release */,
			);
			defaultConfigurationIsVisible = 0;
			defaultConfigurationName = Release;
		};
/* End XCConfigurationList section */
	};
	rootObject = E527B07B28FF0CDA00287279 /* Project object */;
}
